
Microsoft Visual Studio Solution File, Format Version 12.00
# Visual Studio Version 16
VisualStudioVersion = 16.0.32510.428
MinimumVisualStudioVersion = 10.0.40219.1
Project("{FAE04EC0-301F-11D3-BF4B-00C04F79EFBC}") = "LoopsandNumbers", "LoopsandNumbers\LoopsandNumbers.csproj", "{3D6771DA-AA71-4287-AD3A-4772EC53F236}"
EndProject
Project("{FAE04EC0-301F-11D3-BF4B-00C04F79EFBC}") = "PinInfiniteLoop", "PinInfiniteLoop\PinInfiniteLoop.csproj", "{4801370A-7C4B-4F09-A603-407580167E18}"
EndProject
Project("{FAE04EC0-301F-11D3-BF4B-00C04F79EFBC}") = "RandomNumber", "RandomNumber\RandomNumber.csproj", "{2C56273E-A8AF-4F8D-A819-D5D7EBB995D2}"
EndProject
Project("{FAE04EC0-301F-11D3-BF4B-00C04F79EFBC}") = "GuessingGameInfinite", "GuessingGameInfinite\GuessingGameInfinite.csproj", "{78E21A3E-9AD6-4741-87FA-D567BEF9383A}"
EndProject
Project("{FAE04EC0-301F-11D3-BF4B-00C04F79EFBC}") = "GuessingGameThreeTries", "GuessingGameThreeTries\GuessingGameThreeTries.csproj", "{3AF5EBB8-4461-466F-9D01-1D8B31A7BBC2}"
EndProject
Global
	GlobalSection(SolutionConfigurationPlatforms) = preSolution
		Debug|Any CPU = Debug|Any CPU
		Release|Any CPU = Release|Any CPU
	EndGlobalSection
	GlobalSection(ProjectConfigurationPlatforms) = postSolution
		{3D6771DA-AA71-4287-AD3A-4772EC53F236}.Debug|Any CPU.ActiveCfg = Debug|Any CPU
		{3D6771DA-AA71-4287-AD3A-4772EC53F236}.Debug|Any CPU.Build.0 = Debug|Any CPU
		{3D6771DA-AA71-4287-AD3A-4772EC53F236}.Release|Any CPU.ActiveCfg = Release|Any CPU
		{3D6771DA-AA71-4287-AD3A-4772EC53F236}.Release|Any CPU.Build.0 = Release|Any CPU
		{4801370A-7C4B-4F09-A603-407580167E18}.Debug|Any CPU.ActiveCfg = Debug|Any CPU
		{4801370A-7C4B-4F09-A603-407580167E18}.Debug|Any CPU.Build.0 = Debug|Any CPU
		{4801370A-7C4B-4F09-A603-407580167E18}.Release|Any CPU.ActiveCfg = Release|Any CPU
		{4801370A-7C4B-4F09-A603-407580167E18}.Release|Any CPU.Build.0 = Release|Any CPU
		{2C56273E-A8AF-4F8D-A819-D5D7EBB995D2}.Debug|Any CPU.ActiveCfg = Debug|Any CPU
		{2C56273E-A8AF-4F8D-A819-D5D7EBB995D2}.Debug|Any CPU.Build.0 = Debug|Any CPU
		{2C56273E-A8AF-4F8D-A819-D5D7EBB995D2}.Release|Any CPU.ActiveCfg = Release|Any CPU
		{2C56273E-A8AF-4F8D-A819-D5D7EBB995D2}.Release|Any CPU.Build.0 = Release|Any CPU
		{78E21A3E-9AD6-4741-87FA-D567BEF9383A}.Debug|Any CPU.ActiveCfg = Debug|Any CPU
		{78E21A3E-9AD6-4741-87FA-D567BEF9383A}.Debug|Any CPU.Build.0 = Debug|Any CPU
		{78E21A3E-9AD6-4741-87FA-D567BEF9383A}.Release|Any CPU.ActiveCfg = Release|Any CPU
		{78E21A3E-9AD6-4741-87FA-D567BEF9383A}.Release|Any CPU.Build.0 = Release|Any CPU
		{3AF5EBB8-4461-466F-9D01-1D8B31A7BBC2}.Debug|Any CPU.ActiveCfg = Debug|Any CPU
		{3AF5EBB8-4461-466F-9D01-1D8B31A7BBC2}.Debug|Any CPU.Build.0 = Debug|Any CPU
		{3AF5EBB8-4461-466F-9D01-1D8B31A7BBC2}.Release|Any CPU.ActiveCfg = Release|Any CPU
		{3AF5EBB8-4461-466F-9D01-1D8B31A7BBC2}.Release|Any CPU.Build.0 = Release|Any CPU
	EndGlobalSection
	GlobalSection(SolutionProperties) = preSolution
		HideSolutionNode = FALSE
	EndGlobalSection
	GlobalSection(ExtensibilityGlobals) = postSolution
		SolutionGuid = {E7831306-3E9F-4AAC-8D53-F86EF850001D}
	EndGlobalSection
EndGlobal
